
Microsoft Visual Studio Solution File, Format Version 12.00
# Visual Studio Version 17
VisualStudioVersion = 17.6.33829.357
MinimumVisualStudioVersion = 10.0.40219.1
Project("{FAE04EC0-301F-11D3-BF4B-00C04F79EFBC}") = "mf-dev-backend", "mf-dev-backend\mf-dev-backend.csproj", "{4F3B6B69-FE11-43B2-98A6-BFB0F64C0F9F}"
EndProject
Global
	GlobalSection(SolutionConfigurationPlatforms) = preSolution
		Debug|Any CPU = Debug|Any CPU
		Release|Any CPU = Release|Any CPU
	EndGlobalSection
	GlobalSection(ProjectConfigurationPlatforms) = postSolution
		{4F3B6B69-FE11-43B2-98A6-BFB0F64C0F9F}.Debug|Any CPU.ActiveCfg = Debug|Any CPU
		{4F3B6B69-FE11-43B2-98A6-BFB0F64C0F9F}.Debug|Any CPU.Build.0 = Debug|Any CPU
		{4F3B6B69-FE11-43B2-98A6-BFB0F64C0F9F}.Release|Any CPU.ActiveCfg = Release|Any CPU
		{4F3B6B69-FE11-43B2-98A6-BFB0F64C0F9F}.Release|Any CPU.Build.0 = Release|Any CPU
	EndGlobalSection
	GlobalSection(SolutionProperties) = preSolution
		HideSolutionNode = FALSE
	EndGlobalSection
	GlobalSection(ExtensibilityGlobals) = postSolution
		SolutionGuid = {1C3F2D51-6B86-41D1-992F-BB815FBC088E}
	EndGlobalSection
EndGlobal
